
Microsoft Visual Studio Solution File, Format Version 12.00
# Visual Studio 15
VisualStudioVersion = 15.0.28307.271
MinimumVisualStudioVersion = 10.0.40219.1
Project("{FAE04EC0-301F-11D3-BF4B-00C04F79EFBC}") = "average scores", "average scores\average scores.csproj", "{387C16F4-07D5-42E3-A5D5-1ECD8FA0A622}"
EndProject
Global
	GlobalSection(SolutionConfigurationPlatforms) = preSolution
		Debug|Any CPU = Debug|Any CPU
		Release|Any CPU = Release|Any CPU
	EndGlobalSection
	GlobalSection(ProjectConfigurationPlatforms) = postSolution
		{387C16F4-07D5-42E3-A5D5-1ECD8FA0A622}.Debug|Any CPU.ActiveCfg = Debug|Any CPU
		{387C16F4-07D5-42E3-A5D5-1ECD8FA0A622}.Debug|Any CPU.Build.0 = Debug|Any CPU
		{387C16F4-07D5-42E3-A5D5-1ECD8FA0A622}.Release|Any CPU.ActiveCfg = Release|Any CPU
		{387C16F4-07D5-42E3-A5D5-1ECD8FA0A622}.Release|Any CPU.Build.0 = Release|Any CPU
	EndGlobalSection
	GlobalSection(SolutionProperties) = preSolution
		HideSolutionNode = FALSE
	EndGlobalSection
	GlobalSection(ExtensibilityGlobals) = postSolution
		SolutionGuid = {1C3A3A5C-F7A8-47B9-ADE5-8D1649A9BFF6}
	EndGlobalSection
EndGlobal
